// !$*UTF8*$!
{
	archiveVersion = 1;
	classes = {
	};
	objectVersion = 46;
	objects = {

/* Begin PBXBuildFile section */
		4FDF701E1CA04A110045EC2C /* AppDelegate.swift in Sources */ = {isa = PBXBuildFile; fileRef = 4FDF701D1CA04A110045EC2C /* AppDelegate.swift */; };
		4FDF70251CA04A110045EC2C /* Assets.xcassets in Resources */ = {isa = PBXBuildFile; fileRef = 4FDF70241CA04A110045EC2C /* Assets.xcassets */; };
		4FDF70281CA04A110045EC2C /* LaunchScreen.storyboard in Resources */ = {isa = PBXBuildFile; fileRef = 4FDF70261CA04A110045EC2C /* LaunchScreen.storyboard */; };
		4FDF70321CA04A920045EC2C /* ShowAnimation.swift in Sources */ = {isa = PBXBuildFile; fileRef = 4FDF70311CA04A920045EC2C /* ShowAnimation.swift */; };
		4FDF70351CA04B510045EC2C /* RBViewController.swift in Sources */ = {isa = PBXBuildFile; fileRef = 4FDF70331CA04B510045EC2C /* RBViewController.swift */; };
		4FDF70361CA04B510045EC2C /* ViewController.swift in Sources */ = {isa = PBXBuildFile; fileRef = 4FDF70341CA04B510045EC2C /* ViewController.swift */; };
		4FDF70381CA04BBE0045EC2C /* Main.storyboard in Resources */ = {isa = PBXBuildFile; fileRef = 4FDF70371CA04BBE0045EC2C /* Main.storyboard */; };
/* End PBXBuildFile section */

/* Begin PBXFileReference section */
		4FDF701A1CA04A110045EC2C /* RBTableViewShowAnimation.app */ = {isa = PBXFileReference; explicitFileType = wrapper.application; includeInIndex = 0; path = RBTableViewShowAnimation.app; sourceTree = BUILT_PRODUCTS_DIR; };
		4FDF701D1CA04A110045EC2C /* AppDelegate.swift */ = {isa = PBXFileReference; lastKnownFileType = sourcecode.swift; path = AppDelegate.swift; sourceTree = "<group>"; };
		4FDF70241CA04A110045EC2C /* Assets.xcassets */ = {isa = PBXFileReference; lastKnownFileType = folder.assetcatalog; path = Assets.xcassets; sourceTree = "<group>"; };
		4FDF70271CA04A110045EC2C /* Base */ = {isa = PBXFileReference; lastKnownFileType = file.storyboard; name = Base; path = Base.lproj/LaunchScreen.storyboard; sourceTree = "<group>"; };
		4FDF70291CA04A110045EC2C /* Info.plist */ = {isa = PBXFileReference; lastKnownFileType = text.plist.xml; path = Info.plist; sourceTree = "<group>"; };
		4FDF70311CA04A920045EC2C /* ShowAnimation.swift */ = {isa = PBXFileReference; fileEncoding = 4; lastKnownFileType = sourcecode.swift; path = ShowAnimation.swift; sourceTree = "<group>"; };
		4FDF70331CA04B510045EC2C /* RBViewController.swift */ = {isa = PBXFileReference; fileEncoding = 4; lastKnownFileType = sourcecode.swift; path = RBViewController.swift; sourceTree = "<group>"; };
		4FDF70341CA04B510045EC2C /* ViewController.swift */ = {isa = PBXFileReference; fileEncoding = 4; lastKnownFileType = sourcecode.swift; path = ViewController.swift; sourceTree = "<group>"; };
		4FDF70371CA04BBE0045EC2C /* Main.storyboard */ = {isa = PBXFileReference; fileEncoding = 4; lastKnownFileType = file.storyboard; path = Main.storyboard; sourceTree = "<group>"; };
/* End PBXFileReference section */

/* Begin PBXFrameworksBuildPhase section */
		4FDF70171CA04A110045EC2C /* Frameworks */ = {
			isa = PBXFrameworksBuildPhase;
			buildActionMask = 2147483647;
			files = (
			);
			runOnlyForDeploymentPostprocessing = 0;
		};
/* End PBXFrameworksBuildPhase section */

/* Begin PBXGroup section */
		4FDF70111CA04A110045EC2C = {
			isa = PBXGroup;
			children = (
				4FDF701C1CA04A110045EC2C /* RBTableViewShowAnimation */,
				4FDF701B1CA04A110045EC2C /* Products */,
			);
			sourceTree = "<group>";
		};
		4FDF701B1CA04A110045EC2C /* Products */ = {
			isa = PBXGroup;
			children = (
				4FDF701A1CA04A110045EC2C /* RBTableViewShowAnimation.app */,
			);
			name = Products;
			sourceTree = "<group>";
		};
		4FDF701C1CA04A110045EC2C /* RBTableViewShowAnimation */ = {
			isa = PBXGroup;
			children = (
				4FDF70311CA04A920045EC2C /* ShowAnimation.swift */,
				4FDF701D1CA04A110045EC2C /* AppDelegate.swift */,
				4FDF70331CA04B510045EC2C /* RBViewController.swift */,
				4FDF70341CA04B510045EC2C /* ViewController.swift */,
				4FDF70371CA04BBE0045EC2C /* Main.storyboard */,
				4FDF70241CA04A110045EC2C /* Assets.xcassets */,
				4FDF70261CA04A110045EC2C /* LaunchScreen.storyboard */,
				4FDF70291CA04A110045EC2C /* Info.plist */,
			);
			path = RBTableViewShowAnimation;
			sourceTree = "<group>";
		};
/* End PBXGroup section */

/* Begin PBXNativeTarget section */
		4FDF70191CA04A110045EC2C /* RBTableViewShowAnimation */ = {
			isa = PBXNativeTarget;
			buildConfigurationList = 4FDF702C1CA04A110045EC2C /* Build configuration list for PBXNativeTarget "RBTableViewShowAnimation" */;
			buildPhases = (
				4FDF70161CA04A110045EC2C /* Sources */,
				4FDF70171CA04A110045EC2C /* Frameworks */,
				4FDF70181CA04A110045EC2C /* Resources */,
			);
			buildRules = (
			);
			dependencies = (
			);
			name = RBTableViewShowAnimation;
			productName = RBTableViewShowAnimation;
			productReference = 4FDF701A1CA04A110045EC2C /* RBTableViewShowAnimation.app */;
			productType = "com.apple.product-type.application";
		};
/* End PBXNativeTarget section */

/* Begin PBXProject section */
		4FDF70121CA04A110045EC2C /* Project object */ = {
			isa = PBXProject;
			attributes = {
				LastSwiftUpdateCheck = 0720;
				LastUpgradeCheck = 0720;
				ORGANIZATIONNAME = personal;
				TargetAttributes = {
					4FDF70191CA04A110045EC2C = {
						CreatedOnToolsVersion = 7.2.1;
						DevelopmentTeam = UESH7JDTHE;
					};
				};
			};
			buildConfigurationList = 4FDF70151CA04A110045EC2C /* Build configuration list for PBXProject "RBTableViewShowAnimation" */;
			compatibilityVersion = "Xcode 3.2";
			developmentRegion = English;
			hasScannedForEncodings = 0;
			knownRegions = (
				en,
				Base,
			);
			mainGroup = 4FDF70111CA04A110045EC2C;
			productRefGroup = 4FDF701B1CA04A110045EC2C /* Products */;
			projectDirPath = "";
			projectRoot = "";
			targets = (
				4FDF70191CA04A110045EC2C /* RBTableViewShowAnimation */,
			);
		};
/* End PBXProject section */

/* Begin PBXResourcesBuildPhase section */
		4FDF70181CA04A110045EC2C /* Resources */ = {
			isa = PBXResourcesBuildPhase;
			buildActionMask = 2147483647;
			files = (
				4FDF70381CA04BBE0045EC2C /* Main.storyboard in Resources */,
				4FDF70281CA04A110045EC2C /* LaunchScreen.storyboard in Resources */,
				4FDF70251CA04A110045EC2C /* Assets.xcassets in Resources */,
			);
			runOnlyForDeploymentPostprocessing = 0;
		};
/* End PBXResourcesBuildPhase section */

/* Begin PBXSourcesBuildPhase section */
		4FDF70161CA04A110045EC2C /* Sources */ = {
			isa = PBXSourcesBuildPhase;
			buildActionMask = 2147483647;
			files = (
				4FDF70321CA04A920045EC2C /* ShowAnimation.swift in Sources */,
				4FDF701E1CA04A110045EC2C /* AppDelegate.swift in Sources */,
				4FDF70361CA04B510045EC2C /* ViewController.swift in Sources */,
				4FDF70351CA04B510045EC2C /* RBViewController.swift in Sources */,
			);
			runOnlyForDeploymentPostprocessing = 0;
		};
/* End PBXSourcesBuildPhase section */

/* Begin PBXVariantGroup section */
		4FDF70261CA04A110045EC2C /* LaunchScreen.storyboard */ = {
			isa = PBXVariantGroup;
			children = (
				4FDF70271CA04A110045EC2C /* Base */,
			);
			name = LaunchScreen.storyboard;
			sourceTree = "<group>";
		};
/* End PBXVariantGroup section */

/* Begin XCBuildConfiguration section */
		4FDF702A1CA04A110045EC2C /* Debug */ = {
			isa = XCBuildConfiguration;
			buildSettings = {
				ALWAYS_SEARCH_USER_PATHS = NO;
				CLANG_CXX_LANGUAGE_STANDARD = "gnu++0x";
				CLANG_CXX_LIBRARY = "libc++";
				CLANG_ENABLE_MODULES = YES;
				CLANG_ENABLE_OBJC_ARC = YES;
				CLANG_WARN_BOOL_CONVERSION = YES;
				CLANG_WARN_CONSTANT_CONVERSION = YES;
				CLANG_WARN_DIRECT_OBJC_ISA_USAGE = YES_ERROR;
				CLANG_WARN_EMPTY_BODY = YES;
				CLANG_WARN_ENUM_CONVERSION = YES;
				CLANG_WARN_INT_CONVERSION = YES;
				CLANG_WARN_OBJC_ROOT_CLASS = YES_ERROR;
				CLANG_WARN_UNREACHABLE_CODE = YES;
				CLANG_WARN__DUPLICATE_METHOD_MATCH = YES;
				"CODE_SIGN_IDENTITY[sdk=iphoneos*]" = "iPhone Developer";
				COPY_PHASE_STRIP = NO;
				DEBUG_INFORMATION_FORMAT = dwarf;
				ENABLE_STRICT_OBJC_MSGSEND = YES;
				ENABLE_TESTABILITY = YES;
				GCC_C_LANGUAGE_STANDARD = gnu99;
				GCC_DYNAMIC_NO_PIC = NO;
				GCC_NO_COMMON_BLOCKS = YES;
				GCC_OPTIMIZATION_LEVEL = 0;
				GCC_PREPROCESSOR_DEFINITIONS = (
					"DEBUG=1",
					"$(inherited)",
				);
				GCC_WARN_64_TO_32_BIT_CONVERSION = YES;
				GCC_WARN_ABOUT_RETURN_TYPE = YES_ERROR;
				GCC_WARN_UNDECLARED_SELECTOR = YES;
				GCC_WARN_UNINITIALIZED_AUTOS = YES_AGGRESSIVE;
				GCC_WARN_UNUSED_FUNCTION = YES;
				GCC_WARN_UNUSED_VARIABLE = YES;
				IPHONEOS_DEPLOYMENT_TARGET = 9.2;
				MTL_ENABLE_DEBUG_INFO = YES;
				ONLY_ACTIVE_ARCH = YES;
				SDKROOT = iphoneos;
				SWIFT_OPTIMIZATION_LEVEL = "-Onone";
			};
			name = Debug;
		};
		4FDF702B1CA04A110045EC2C /* Release */ = {
			isa = XCBuildConfiguration;
			buildSettings = {
				ALWAYS_SEARCH_USER_PATHS = NO;
				CLANG_CXX_LANGUAGE_STANDARD = "gnu++0x";
				CLANG_CXX_LIBRARY = "libc++";
				CLANG_ENABLE_MODULES = YES;
				CLANG_ENABLE_OBJC_ARC = YES;
				CLANG_WARN_BOOL_CONVERSION = YES;
				CLANG_WARN_CONSTANT_CONVERSION = YES;
				CLANG_WARN_DIRECT_OBJC_ISA_USAGE = YES_ERROR;
				CLANG_WARN_EMPTY_BODY = YES;
				CLANG_WARN_ENUM_CONVERSION = YES;
				CLANG_WARN_INT_CONVERSION = YES;
				CLANG_WARN_OBJC_ROOT_CLASS = YES_ERROR;
				CLANG_WARN_UNREACHABLE_CODE = YES;
				CLANG_WARN__DUPLICATE_METHOD_MATCH = YES;
				"CODE_SIGN_IDENTITY[sdk=iphoneos*]" = "iPhone Developer";
				COPY_PHASE_STRIP = NO;
				DEBUG_INFORMATION_FORMAT = "dwarf-with-dsym";
				ENABLE_NS_ASSERTIONS = NO;
				ENABLE_STRICT_OBJC_MSGSEND = YES;
				GCC_C_LANGUAGE_STANDARD = gnu99;
				GCC_NO_COMMON_BLOCKS = YES;
				GCC_WARN_64_TO_32_BIT_CONVERSION = YES;
				GCC_WARN_ABOUT_RETURN_TYPE = YES_ERROR;
				GCC_WARN_UNDECLARED_SELECTOR = YES;
				GCC_WARN_UNINITIALIZED_AUTOS = YES_AGGRESSIVE;
				GCC_WARN_UNUSED_FUNCTION = YES;
				GCC_WARN_UNUSED_VARIABLE = YES;
				IPHONEOS_DEPLOYMENT_TARGET = 9.2;
				MTL_ENABLE_DEBUG_INFO = NO;
				SDKROOT = iphoneos;
				VALIDATE_PRODUCT = YES;
			};
			name = Release;
		};
		4FDF702D1CA04A110045EC2C /* Debug */ = {
			isa = XCBuildConfiguration;
			buildSettings = {
				ASSETCATALOG_COMPILER_APPICON_NAME = AppIcon;
				INFOPLIST_FILE = RBTableViewShowAnimation/Info.plist;
				LD_RUNPATH_SEARCH_PATHS = "$(inherited) @executable_path/Frameworks";
				PRODUCT_BUNDLE_IDENTIFIER = cn.personal.ios.RBTableViewShowAnimation;
				PRODUCT_NAME = "$(TARGET_NAME)";
			};
			name = Debug;
		};
		4FDF702E1CA04A110045EC2C /* Release */ = {
			isa = XCBuildConfiguration;
			buildSettings = {
				ASSETCATALOG_COMPILER_APPICON_NAME = AppIcon;
				INFOPLIST_FILE = RBTableViewShowAnimation/Info.plist;
				LD_RUNPATH_SEARCH_PATHS = "$(inherited) @executable_path/Frameworks";
				PRODUCT_BUNDLE_IDENTIFIER = cn.personal.ios.RBTableViewShowAnimation;
				PRODUCT_NAME = "$(TARGET_NAME)";
			};
			name = Release;
		};
/* End XCBuildConfiguration section */

/* Begin XCConfigurationList section */
		4FDF70151CA04A110045EC2C /* Build configuration list for PBXProject "RBTableViewShowAnimation" */ = {
			isa = XCConfigurationList;
			buildConfigurations = (
				4FDF702A1CA04A110045EC2C /* Debug */,
				4FDF702B1CA04A110045EC2C /* Release */,
			);
			defaultConfigurationIsVisible = 0;
			defaultConfigurationName = Release;
		};
		4FDF702C1CA04A110045EC2C /* Build configuration list for PBXNativeTarget "RBTableViewShowAnimation" */ = {
			isa = XCConfigurationList;
			buildConfigurations = (
				4FDF702D1CA04A110045EC2C /* Debug */,
				4FDF702E1CA04A110045EC2C /* Release */,
			);
			defaultConfigurationIsVisible = 0;
		};
/* End XCConfigurationList section */
	};
	rootObject = 4FDF70121CA04A110045EC2C /* Project object */;
}
